lockfileVersion: '9.0'

settings:
  autoInstallPeers: true
  excludeLinksFromLockfile: false

importers:

  .:
    dependencies:
      '@prettier/plugin-xml':
        specifier: ^3.4.2
        version: 3.4.2(prettier@3.6.2)
      prettier:
        specifier: ^3.6.2
        version: 3.6.2
      prettier-plugin-organize-imports:
        specifier: ^4.3.0
        version: 4.3.0(prettier@3.6.2)(typescript@5.9.2)
      prettier-plugin-properties:
        specifier: ^0.3.0
        version: 0.3.0(prettier@3.6.2)
      prettier-plugin-sh:
        specifier: ^0.18.0
        version: 0.18.0(prettier@3.6.2)
      prettier-plugin-tailwindcss:
        specifier: ^0.6.14
        version: 0.6.14(prettier-plugin-organize-imports@4.3.0(prettier@3.6.2)(typescript@5.9.2))(prettier@3.6.2)
    devDependencies:
      '@types/node':
        specifier: ^24.5.2
        version: 24.5.2

packages:

  '@prettier/plugin-xml@3.4.2':
    resolution: {integrity: sha512-/UyNlHfkuLXG6Ed85KB0WBF283xn2yavR+UtRibBRUcvEJId2DSLdGXwJ/cDa1X++SWDPzq3+GSFniHjkNy7yg==}
    peerDependencies:
      prettier: ^3.0.0

  '@reteps/dockerfmt@0.3.6':
    resolution: {integrity: sha512-Tb5wIMvBf/nLejTQ61krK644/CEMB/cpiaIFXqGApfGqO3GwcR3qnI0DbmkFVCl2OyEp8LnLX3EkucoL0+tbFg==}
    engines: {node: ^v12.20.0 || ^14.13.0 || >=16.0.0}

  '@types/node@24.5.2':
    resolution: {integrity: sha512-FYxk1I7wPv3K2XBaoyH2cTnocQEu8AOZ60hPbsyukMPLv5/5qr7V1i8PLHdl6Zf87I+xZXFvPCXYjiTFq+YSDQ==}

  '@xml-tools/parser@1.0.11':
    resolution: {integrity: sha512-aKqQ077XnR+oQtHJlrAflaZaL7qZsulWc/i/ZEooar5JiWj1eLt0+Wg28cpa+XLney107wXqneC+oG1IZvxkTA==}

  chevrotain@7.1.1:
    resolution: {integrity: sha512-wy3mC1x4ye+O+QkEinVJkPf5u2vsrDIYW9G7ZuwFl6v/Yu0LwUuT2POsb+NUWApebyxfkQq6+yDfRExbnI5rcw==}

  dot-properties@1.1.0:
    resolution: {integrity: sha512-uyyuVNX+wq1lTrmLO9iJJAX/vpJ57uppiXQpsd4j1y6NAtHkhCROA4si4mTZMTRshCbcLC1+EMXWZV2MPHUl9A==}

  prettier-plugin-organize-imports@4.3.0:
    resolution: {integrity: sha512-FxFz0qFhyBsGdIsb697f/EkvHzi5SZOhWAjxcx2dLt+Q532bAlhswcXGYB1yzjZ69kW8UoadFBw7TyNwlq96Iw==}
    peerDependencies:
      prettier: '>=2.0'
      typescript: '>=2.9'
      vue-tsc: ^2.1.0 || 3
    peerDependenciesMeta:
      vue-tsc:
        optional: true

  prettier-plugin-properties@0.3.0:
    resolution: {integrity: sha512-j2h4NbG6hIaRx0W7CDPUH+yDbzXHmI2urPC1EC8pYrsS5R5AYgAmcSDN0oea+C5mBiN6BK0AkiSKPj0RC17NDQ==}
    peerDependencies:
      prettier: '>= 2.3.0'

  prettier-plugin-sh@0.18.0:
    resolution: {integrity: sha512-cW1XL27FOJQ/qGHOW6IHwdCiNWQsAgK+feA8V6+xUTaH0cD3Mh+tFAtBvEEWvuY6hTDzRV943Fzeii+qMOh7nQ==}
    engines: {node: '>=16.0.0'}
    peerDependencies:
      prettier: ^3.6.0

  prettier-plugin-tailwindcss@0.6.14:
    resolution: {integrity: sha512-pi2e/+ZygeIqntN+vC573BcW5Cve8zUB0SSAGxqpB4f96boZF4M3phPVoOFCeypwkpRYdi7+jQ5YJJUwrkGUAg==}
    engines: {node: '>=14.21.3'}
    peerDependencies:
      '@ianvs/prettier-plugin-sort-imports': '*'
      '@prettier/plugin-hermes': '*'
      '@prettier/plugin-oxc': '*'
      '@prettier/plugin-pug': '*'
      '@shopify/prettier-plugin-liquid': '*'
      '@trivago/prettier-plugin-sort-imports': '*'
      '@zackad/prettier-plugin-twig': '*'
      prettier: ^3.0
      prettier-plugin-astro: '*'
      prettier-plugin-css-order: '*'
      prettier-plugin-import-sort: '*'
      prettier-plugin-jsdoc: '*'
      prettier-plugin-marko: '*'
      prettier-plugin-multiline-arrays: '*'
      prettier-plugin-organize-attributes: '*'
      prettier-plugin-organize-imports: '*'
      prettier-plugin-sort-imports: '*'
      prettier-plugin-style-order: '*'
      prettier-plugin-svelte: '*'
    peerDependenciesMeta:
      '@ianvs/prettier-plugin-sort-imports':
        optional: true
      '@prettier/plugin-hermes':
        optional: true
      '@prettier/plugin-oxc':
        optional: true
      '@prettier/plugin-pug':
        optional: true
      '@shopify/prettier-plugin-liquid':
        optional: true
      '@trivago/prettier-plugin-sort-imports':
        optional: true
      '@zackad/prettier-plugin-twig':
        optional: true
      prettier-plugin-astro:
        optional: true
      prettier-plugin-css-order:
        optional: true
      prettier-plugin-import-sort:
        optional: true
      prettier-plugin-jsdoc:
        optional: true
      prettier-plugin-marko:
        optional: true
      prettier-plugin-multiline-arrays:
        optional: true
      prettier-plugin-organize-attributes:
        optional: true
      prettier-plugin-organize-imports:
        optional: true
      prettier-plugin-sort-imports:
        optional: true
      prettier-plugin-style-order:
        optional: true
      prettier-plugin-svelte:
        optional: true

  prettier@3.6.2:
    resolution: {integrity: sha512-I7AIg5boAr5R0FFtJ6rCfD+LFsWHp81dolrFD8S79U9tb8Az2nGrJncnMSnys+bpQJfRUzqs9hnA81OAA3hCuQ==}
    engines: {node: '>=14'}
    hasBin: true

  regexp-to-ast@0.5.0:
    resolution: {integrity: sha512-tlbJqcMHnPKI9zSrystikWKwHkBqu2a/Sgw01h3zFjvYrMxEDYHzzoMZnUrbIfpTFEsoRnnviOXNCzFiSc54Qw==}

  sh-syntax@0.5.8:
    resolution: {integrity: sha512-JfVoxf4FxQI5qpsPbkHhZo+n6N9YMJobyl4oGEUBb/31oQYlgTjkXQD8PBiafS2UbWoxrTO0Z5PJUBXEPAG1Zw==}
    engines: {node: '>=16.0.0'}

  tslib@2.8.1:
    resolution: {integrity: sha512-oJFu94HQb+KVduSUQL7wnpmqnfmLsOA/nAh6b6EH0wCEoK0/mPeXU6c3wKDV83MkOuHPRHtSXKKU99IBazS/2w==}

  typescript@5.9.2:
    resolution: {integrity: sha512-CWBzXQrc/qOkhidw1OzBTQuYRbfyxDXJMVJ1XNwUHGROVmuaeiEm3OslpZ1RV96d7SKKjZKrSJu3+t/xlw3R9A==}
    engines: {node: '>=14.17'}
    hasBin: true

  undici-types@7.12.0:
    resolution: {integrity: sha512-goOacqME2GYyOZZfb5Lgtu+1IDmAlAEu5xnD3+xTzS10hT0vzpf0SPjkXwAw9Jm+4n/mQGDP3LO8CPbYROeBfQ==}

snapshots:

  '@prettier/plugin-xml@3.4.2(prettier@3.6.2)':
    dependencies:
      '@xml-tools/parser': 1.0.11
      prettier: 3.6.2

  '@reteps/dockerfmt@0.3.6': {}

  '@types/node@24.5.2':
    dependencies:
      undici-types: 7.12.0

  '@xml-tools/parser@1.0.11':
    dependencies:
      chevrotain: 7.1.1

  chevrotain@7.1.1:
    dependencies:
      regexp-to-ast: 0.5.0

  dot-properties@1.1.0: {}

  prettier-plugin-organize-imports@4.3.0(prettier@3.6.2)(typescript@5.9.2):
    dependencies:
      prettier: 3.6.2
      typescript: 5.9.2

  prettier-plugin-properties@0.3.0(prettier@3.6.2):
    dependencies:
      dot-properties: 1.1.0
      prettier: 3.6.2

  prettier-plugin-sh@0.18.0(prettier@3.6.2):
    dependencies:
      '@reteps/dockerfmt': 0.3.6
      prettier: 3.6.2
      sh-syntax: 0.5.8

  prettier-plugin-tailwindcss@0.6.14(prettier-plugin-organize-imports@4.3.0(prettier@3.6.2)(typescript@5.9.2))(prettier@3.6.2):
    dependencies:
      prettier: 3.6.2
    optionalDependencies:
      prettier-plugin-organize-imports: 4.3.0(prettier@3.6.2)(typescript@5.9.2)

  prettier@3.6.2: {}

  regexp-to-ast@0.5.0: {}

  sh-syntax@0.5.8:
    dependencies:
      tslib: 2.8.1

  tslib@2.8.1: {}

  typescript@5.9.2: {}

  undici-types@7.12.0: {}
